# THIS IS AN AUTOGENERATED FILE. DO NOT EDIT THIS FILE DIRECTLY.
# yarn lockfile v1


"@babel/runtime@^7.4.4":
  version "7.12.5"
  resolved "https://registry.yarnpkg.com/@babel/runtime/-/runtime-7.12.5.tgz#410e7e487441e1b360c29be715d870d9b985882e"
  integrity sha512-plcc+hbExy3McchJCEQG3knOsuh3HH+Prx1P6cLIkET/0dLuQDEnrT+s27Axgc9bqfsmNUNHfscgMUdBpC9xfg==
  dependencies:
    regenerator-runtime "^0.13.4"

"@material-ui/data-grid@^4.0.0-alpha.9":
  version "4.0.0-alpha.9"
  resolved "https://registry.yarnpkg.com/@material-ui/data-grid/-/data-grid-4.0.0-alpha.9.tgz#a5f48550ea7c1ebdbcde9c7e0889ec9600473fec"
  integrity sha512-2aXKQI6BH800i1AQzR3+p2eEET4ejVeGFlJQXBFvzBGodBW/AGfT2WsJGkmkriiVvD6jpsNsC5XF0HMAAcIFPA==
  dependencies:
    "@material-ui/utils" "^5.0.0-alpha.14"
    prop-types "^15.7.2"
    reselect "^4.0.0"
    tslib "^2.0.0"

"@material-ui/utils@^5.0.0-alpha.14":
  version "5.0.0-alpha.15"
  resolved "https://registry.yarnpkg.com/@material-ui/utils/-/utils-5.0.0-alpha.15.tgz#b3ff9ae27f0b1ba60fe85ed318c49e4796d7eece"
  integrity sha512-hxzqf4W7FVnVWB0x/+FKUwdcR3YUyoe7SeDBdsqPTkcUstU7RvrJztCAhybmeT3nTRQBd28HKGguM6oSCbboUw==
  dependencies:
    "@babel/runtime" "^7.4.4"
    "@types/prop-types" "^15.7.3"
    "@types/react-is" "^16.7.1 || ^17.0.0"
    prop-types "^15.7.2"
    react-is "^16.8.0 || ^17.0.0"

"@types/prop-types@*", "@types/prop-types@^15.7.3":
  version "15.7.3"
  resolved "https://registry.yarnpkg.com/@types/prop-types/-/prop-types-15.7.3.tgz#2ab0d5da2e5815f94b0b9d4b95d1e5f243ab2ca7"
  integrity sha512-KfRL3PuHmqQLOG+2tGpRO26Ctg+Cq1E01D2DMriKEATHgWLfeNDmq9e29Q9WIky0dQ3NPkd1mzYH8Lm936Z9qw==

"@types/react-is@^16.7.1 || ^17.0.0":
  version "16.7.1"
  resolved "https://registry.yarnpkg.com/@types/react-is/-/react-is-16.7.1.tgz#d3f1c68c358c00ce116b55ef5410cf486dd08539"
  integrity sha512-dMLFD2cCsxtDgMkTydQCM0PxDq8vwc6uN5M/jRktDfYvH3nQj6pjC9OrCXS2lKlYoYTNJorI/dI8x9dpLshexQ==
  dependencies:
    "@types/react" "*"

"@types/react@*":
  version "16.9.56"
  resolved "https://registry.yarnpkg.com/@types/react/-/react-16.9.56.tgz#ea25847b53c5bec064933095fc366b1462e2adf0"
  integrity sha512-gIkl4J44G/qxbuC6r2Xh+D3CGZpJ+NdWTItAPmZbR5mUS+JQ8Zvzpl0ea5qT/ZT3ZNTUcDKUVqV3xBE8wv/DyQ==
  dependencies:
    "@types/prop-types" "*"
    csstype "^3.0.2"

csstype@^3.0.2:
  version "3.0.4"
  resolved "https://registry.yarnpkg.com/csstype/-/csstype-3.0.4.tgz#b156d7be03b84ff425c9a0a4b1e5f4da9c5ca888"
  integrity sha512-xc8DUsCLmjvCfoD7LTGE0ou2MIWLx0K9RCZwSHMOdynqRsP4MtUcLeqh1HcQ2dInwDTqn+3CE0/FZh1et+p4jA==

"js-tokens@^3.0.0 || ^4.0.0":
  version "4.0.0"
  resolved "https://registry.yarnpkg.com/js-tokens/-/js-tokens-4.0.0.tgz#19203fb59991df98e3a287050d4647cdeaf32499"
  integrity sha512-RdJUflcE3cUzKiMqQgsCu06FPu9UdIJO0beYbPhHN4k6apgJtifcoCtT9bcxOpYBtpD2kCM6Sbzg4CausW/PKQ==

loose-envify@^1.4.0:
  version "1.4.0"
  resolved "https://registry.yarnpkg.com/loose-envify/-/loose-envify-1.4.0.tgz#71ee51fa7be4caec1a63839f7e682d8132d30caf"
  integrity sha512-lyuxPGr/Wfhrlem2CL/UcnUc1zcqKAImBDzukY7Y5F/yQiNdko6+fRLevlw1HgMySw7f611UIY408EtxRSoK3Q==
  dependencies:
    js-tokens "^3.0.0 || ^4.0.0"

object-assign@^4.1.1:
  version "4.1.1"
  resolved "https://registry.yarnpkg.com/object-assign/-/object-assign-4.1.1.tgz#2109adc7965887cfc05cbbd442cac8bfbb360863"
  integrity sha1-IQmtx5ZYh8/AXLvUQsrIv7s2CGM=

prop-types@^15.7.2:
  version "15.7.2"
  resolved "https://registry.yarnpkg.com/prop-types/-/prop-types-15.7.2.tgz#52c41e75b8c87e72b9d9360e0206b99dcbffa6c5"
  integrity sha512-8QQikdH7//R2vurIJSutZ1smHYTcLpRWEOlHnzcWHmBYrOGUysKwSsrC89BCiFj3CbrfJ/nXFdJepOVrY1GCHQ==
  dependencies:
    loose-envify "^1.4.0"
    object-assign "^4.1.1"
    react-is "^16.8.1"

"react-is@^16.8.0 || ^17.0.0":
  version "17.0.1"
  resolved "https://registry.yarnpkg.com/react-is/-/react-is-17.0.1.tgz#5b3531bd76a645a4c9fb6e693ed36419e3301339"
  integrity sha512-NAnt2iGDXohE5LI7uBnLnqvLQMtzhkiAOLXTmv+qnF9Ky7xAPcX8Up/xWIhxvLVGJvuLiNc4xQLtuqDRzb4fSA==

react-is@^16.8.1:
  version "16.13.1"
  resolved "https://registry.yarnpkg.com/react-is/-/react-is-16.13.1.tgz#789729a4dc36de2999dc156dd6c1d9c18cea56a4"
  integrity sha512-24e6ynE2H+OKt4kqsOvNd8kBpV65zoxbA4BVsEOB3ARVWQki/DHzaUoC5KuON/BiccDaCCTZBuOcfZs70kR8bQ==

regenerator-runtime@^0.13.4:
  version "0.13.7"
  resolved "https://registry.yarnpkg.com/regenerator-runtime/-/regenerator-runtime-0.13.7.tgz#cac2dacc8a1ea675feaabaeb8ae833898ae46f55"
  integrity sha512-a54FxoJDIr27pgf7IgeQGxmqUNYrcV338lf/6gH456HZ/PhX+5BcwHXG9ajESmwe6WRO0tAzRUrRmNONWgkrew==

reselect@^4.0.0:
  version "4.0.0"
  resolved "https://registry.yarnpkg.com/reselect/-/reselect-4.0.0.tgz#f2529830e5d3d0e021408b246a206ef4ea4437f7"
  integrity sha512-qUgANli03jjAyGlnbYVAV5vvnOmJnODyABz51RdBN7M4WaVu8mecZWgyQNkG8Yqe3KRGRt0l4K4B3XVEULC4CA==

tslib@^2.0.0:
  version "2.0.3"
  resolved "https://registry.yarnpkg.com/tslib/-/tslib-2.0.3.tgz#8e0741ac45fc0c226e58a17bfc3e64b9bc6ca61c"
  integrity sha512-uZtkfKblCEQtZKBF6EBXVZeQNl82yqtDQdv+eck8u7tdPxjLu2/lp5/uPW+um2tpuxINHWy3GhiccY7QgEaVHQ==
